
Microsoft Visual Studio Solution File, Format Version 12.00
# Visual Studio Version 17
VisualStudioVersion = 17.9.34607.119
MinimumVisualStudioVersion = 10.0.40219.1
Project("{9A19103F-16F7-4668-BE54-9A1E7A4F7556}") = "HM.Common", "HM.Common\HM.Common.csproj", "{40F536A2-F505-4307-86B9-1963FA6C67D5}"
EndProject
Project("{9A19103F-16F7-4668-BE54-9A1E7A4F7556}") = "HM.Common.UnitTest", "HM.Common.Test\HM.Common.UnitTest.csproj", "{B74B9CF3-6434-45C2-A5BF-7843038788CD}"
EndProject
Project("{9A19103F-16F7-4668-BE54-9A1E7A4F7556}") = "HM.AppDatabase", "HM.AppDatabase\HM.AppDatabase.csproj", "{FD5AA429-718E-46A4-9994-CD8F295389A8}"
EndProject
Project("{9A19103F-16F7-4668-BE54-9A1E7A4F7556}") = "HM.AppDatabase.Benchmark", "HM.AppDatabase.Benchmark\HM.AppDatabase.Benchmark.csproj", "{FC06C9BD-D52D-4792-BB35-1CFCCB0224D9}"
EndProject
Project("{9A19103F-16F7-4668-BE54-9A1E7A4F7556}") = "HM.AppDatabase.UnitTest", "HM.AppDatabase.UnitTest\HM.AppDatabase.UnitTest.csproj", "{916D892F-03A8-4F8B-88B3-0EC54BCD5F62}"
EndProject
Project("{9A19103F-16F7-4668-BE54-9A1E7A4F7556}") = "HM.AppService", "HM.AppService\HM.AppService.csproj", "{C7508582-BBEC-4E4B-A379-74ACB0495BB3}"
EndProject
Project("{9A19103F-16F7-4668-BE54-9A1E7A4F7556}") = "HM.CommandLine", "HM.CommandLine\HM.CommandLine.csproj", "{4B8FC625-F59E-48F2-A1BE-B8847D17B7FF}"
EndProject
Project("{9A19103F-16F7-4668-BE54-9A1E7A4F7556}") = "HM.Cryptography", "HM.Cryptography\HM.Cryptography.csproj", "{63A7785F-A9FF-4114-9071-F7C3EC55F48A}"
EndProject
Project("{9A19103F-16F7-4668-BE54-9A1E7A4F7556}") = "HM.Environment", "HM.Environment\HM.Environment.csproj", "{9392605C-7934-445B-9764-9EFFCB3750FD}"
EndProject
Project("{9A19103F-16F7-4668-BE54-9A1E7A4F7556}") = "HM.IO", "HM.IO\HM.IO.csproj", "{5E6BF7EF-C262-4D85-89C0-136ED3802BAE}"
EndProject
Project("{9A19103F-16F7-4668-BE54-9A1E7A4F7556}") = "HM.IO.UnitTest", "HM.IO.UnitTest\HM.IO.UnitTest.csproj", "{019F5808-4449-4EE6-B7CA-D04EA16C7C5A}"
EndProject
Project("{9A19103F-16F7-4668-BE54-9A1E7A4F7556}") = "HM.IO.Previews", "PreviewModuleTestGround\HM.IO.Previews.csproj", "{91F73F4C-C100-4143-BFAD-08FFAD9BB404}"
EndProject
Project("{9A19103F-16F7-4668-BE54-9A1E7A4F7556}") = "HM.Data", "HM.Data\HM.Data.csproj", "{9D869353-CFB5-4849-A9BF-888B9D703434}"
EndProject
Project("{9A19103F-16F7-4668-BE54-9A1E7A4F7556}") = "HM.AppComponents", "HM.AppComponents\HM.AppComponents.csproj", "{51633C7D-DCD7-47EB-8F4B-0E98D223799D}"
EndProject
Global
	GlobalSection(SolutionConfigurationPlatforms) = preSolution
		Debug|Any CPU = Debug|Any CPU
		Release|Any CPU = Release|Any CPU
	EndGlobalSection
	GlobalSection(ProjectConfigurationPlatforms) = postSolution
		{40F536A2-F505-4307-86B9-1963FA6C67D5}.Debug|Any CPU.ActiveCfg = Debug|Any CPU
		{40F536A2-F505-4307-86B9-1963FA6C67D5}.Debug|Any CPU.Build.0 = Debug|Any CPU
		{40F536A2-F505-4307-86B9-1963FA6C67D5}.Release|Any CPU.ActiveCfg = Release|Any CPU
		{40F536A2-F505-4307-86B9-1963FA6C67D5}.Release|Any CPU.Build.0 = Release|Any CPU
		{B74B9CF3-6434-45C2-A5BF-7843038788CD}.Debug|Any CPU.ActiveCfg = Debug|Any CPU
		{B74B9CF3-6434-45C2-A5BF-7843038788CD}.Debug|Any CPU.Build.0 = Debug|Any CPU
		{B74B9CF3-6434-45C2-A5BF-7843038788CD}.Release|Any CPU.ActiveCfg = Release|Any CPU
		{B74B9CF3-6434-45C2-A5BF-7843038788CD}.Release|Any CPU.Build.0 = Release|Any CPU
		{FD5AA429-718E-46A4-9994-CD8F295389A8}.Debug|Any CPU.ActiveCfg = Debug|Any CPU
		{FD5AA429-718E-46A4-9994-CD8F295389A8}.Debug|Any CPU.Build.0 = Debug|Any CPU
		{FD5AA429-718E-46A4-9994-CD8F295389A8}.Release|Any CPU.ActiveCfg = Release|Any CPU
		{FD5AA429-718E-46A4-9994-CD8F295389A8}.Release|Any CPU.Build.0 = Release|Any CPU
		{FC06C9BD-D52D-4792-BB35-1CFCCB0224D9}.Debug|Any CPU.ActiveCfg = Debug|Any CPU
		{FC06C9BD-D52D-4792-BB35-1CFCCB0224D9}.Debug|Any CPU.Build.0 = Debug|Any CPU
		{FC06C9BD-D52D-4792-BB35-1CFCCB0224D9}.Release|Any CPU.ActiveCfg = Release|Any CPU
		{FC06C9BD-D52D-4792-BB35-1CFCCB0224D9}.Release|Any CPU.Build.0 = Release|Any CPU
		{916D892F-03A8-4F8B-88B3-0EC54BCD5F62}.Debug|Any CPU.ActiveCfg = Debug|Any CPU
		{916D892F-03A8-4F8B-88B3-0EC54BCD5F62}.Debug|Any CPU.Build.0 = Debug|Any CPU
		{916D892F-03A8-4F8B-88B3-0EC54BCD5F62}.Release|Any CPU.ActiveCfg = Release|Any CPU
		{916D892F-03A8-4F8B-88B3-0EC54BCD5F62}.Release|Any CPU.Build.0 = Release|Any CPU
		{C7508582-BBEC-4E4B-A379-74ACB0495BB3}.Debug|Any CPU.ActiveCfg = Debug|Any CPU
		{C7508582-BBEC-4E4B-A379-74ACB0495BB3}.Debug|Any CPU.Build.0 = Debug|Any CPU
		{C7508582-BBEC-4E4B-A379-74ACB0495BB3}.Release|Any CPU.ActiveCfg = Release|Any CPU
		{C7508582-BBEC-4E4B-A379-74ACB0495BB3}.Release|Any CPU.Build.0 = Release|Any CPU
		{4B8FC625-F59E-48F2-A1BE-B8847D17B7FF}.Debug|Any CPU.ActiveCfg = Debug|Any CPU
		{4B8FC625-F59E-48F2-A1BE-B8847D17B7FF}.Debug|Any CPU.Build.0 = Debug|Any CPU
		{4B8FC625-F59E-48F2-A1BE-B8847D17B7FF}.Release|Any CPU.ActiveCfg = Release|Any CPU
		{4B8FC625-F59E-48F2-A1BE-B8847D17B7FF}.Release|Any CPU.Build.0 = Release|Any CPU
		{63A7785F-A9FF-4114-9071-F7C3EC55F48A}.Debug|Any CPU.ActiveCfg = Debug|Any CPU
		{63A7785F-A9FF-4114-9071-F7C3EC55F48A}.Debug|Any CPU.Build.0 = Debug|Any CPU
		{63A7785F-A9FF-4114-9071-F7C3EC55F48A}.Release|Any CPU.ActiveCfg = Release|Any CPU
		{63A7785F-A9FF-4114-9071-F7C3EC55F48A}.Release|Any CPU.Build.0 = Release|Any CPU
		{9392605C-7934-445B-9764-9EFFCB3750FD}.Debug|Any CPU.ActiveCfg = Debug|Any CPU
		{9392605C-7934-445B-9764-9EFFCB3750FD}.Debug|Any CPU.Build.0 = Debug|Any CPU
		{9392605C-7934-445B-9764-9EFFCB3750FD}.Release|Any CPU.ActiveCfg = Release|Any CPU
		{9392605C-7934-445B-9764-9EFFCB3750FD}.Release|Any CPU.Build.0 = Release|Any CPU
		{5E6BF7EF-C262-4D85-89C0-136ED3802BAE}.Debug|Any CPU.ActiveCfg = Debug|Any CPU
		{5E6BF7EF-C262-4D85-89C0-136ED3802BAE}.Debug|Any CPU.Build.0 = Debug|Any CPU
		{5E6BF7EF-C262-4D85-89C0-136ED3802BAE}.Release|Any CPU.ActiveCfg = Release|Any CPU
		{5E6BF7EF-C262-4D85-89C0-136ED3802BAE}.Release|Any CPU.Build.0 = Release|Any CPU
		{019F5808-4449-4EE6-B7CA-D04EA16C7C5A}.Debug|Any CPU.ActiveCfg = Debug|Any CPU
		{019F5808-4449-4EE6-B7CA-D04EA16C7C5A}.Debug|Any CPU.Build.0 = Debug|Any CPU
		{019F5808-4449-4EE6-B7CA-D04EA16C7C5A}.Release|Any CPU.ActiveCfg = Release|Any CPU
		{019F5808-4449-4EE6-B7CA-D04EA16C7C5A}.Release|Any CPU.Build.0 = Release|Any CPU
		{91F73F4C-C100-4143-BFAD-08FFAD9BB404}.Debug|Any CPU.ActiveCfg = Debug|Any CPU
		{91F73F4C-C100-4143-BFAD-08FFAD9BB404}.Debug|Any CPU.Build.0 = Debug|Any CPU
		{91F73F4C-C100-4143-BFAD-08FFAD9BB404}.Release|Any CPU.ActiveCfg = Release|Any CPU
		{91F73F4C-C100-4143-BFAD-08FFAD9BB404}.Release|Any CPU.Build.0 = Release|Any CPU
		{9D869353-CFB5-4849-A9BF-888B9D703434}.Debug|Any CPU.ActiveCfg = Debug|Any CPU
		{9D869353-CFB5-4849-A9BF-888B9D703434}.Debug|Any CPU.Build.0 = Debug|Any CPU
		{9D869353-CFB5-4849-A9BF-888B9D703434}.Release|Any CPU.ActiveCfg = Release|Any CPU
		{9D869353-CFB5-4849-A9BF-888B9D703434}.Release|Any CPU.Build.0 = Release|Any CPU
		{51633C7D-DCD7-47EB-8F4B-0E98D223799D}.Debug|Any CPU.ActiveCfg = Debug|Any CPU
		{51633C7D-DCD7-47EB-8F4B-0E98D223799D}.Debug|Any CPU.Build.0 = Debug|Any CPU
		{51633C7D-DCD7-47EB-8F4B-0E98D223799D}.Release|Any CPU.ActiveCfg = Release|Any CPU
		{51633C7D-DCD7-47EB-8F4B-0E98D223799D}.Release|Any CPU.Build.0 = Release|Any CPU
	EndGlobalSection
	GlobalSection(SolutionProperties) = preSolution
		HideSolutionNode = FALSE
	EndGlobalSection
	GlobalSection(ExtensibilityGlobals) = postSolution
		SolutionGuid = {51AD4769-B743-4604-9AF6-19A0286E75F9}
	EndGlobalSection
EndGlobal
